<?xml version="1.0" encoding="UTF-8" standalone="yes" ?>
<CodeBlocks_project_file>
	<FileVersion major="1" minor="6" />
	<Project>
		<Option title="fse_test" />
		<Option pch_mode="2" />
		<Option compiler="gcc" />
		<Build>
			<Target title="Debug">
				<Option output="bin/Debug/fse_test" prefix_auto="1" extension_auto="1" />
				<Option object_output="obj/Debug/" />
				<Option type="1" />
				<Option compiler="gcc" />
				<Compiler>
					<Add option="-g" />
					<Add directory="E:/github/co-codec/FSE/fse_test/" />
					<Add directory="E:/github/co-codec/FSE/" />
				</Compiler>
			</Target>
			<Target title="Release">
				<Option output="bin/Release/fse_test" prefix_auto="1" extension_auto="1" />
				<Option object_output="obj/Release/" />
				<Option type="1" />
				<Option compiler="gcc" />
				<Compiler>
					<Add option="-O2" />
				</Compiler>
				<Linker>
					<Add option="-s" />
				</Linker>
			</Target>
		</Build>
		<Compiler>
			<Add option="-Wall" />
		</Compiler>
		<Unit filename="../fse.c">
			<Option compilerVar="CC" />
		</Unit>
		<Unit filename="../fse.h" />
		<Unit filename="../fseU16.c">
			<Option compilerVar="CC" />
		</Unit>
		<Unit filename="../fseU16.h" />
		<Unit filename="bench.c">
			<Option compilerVar="CC" />
		</Unit>
		<Unit filename="bench.h" />
		<Unit filename="commandline.c">
			<Option compilerVar="CC" />
		</Unit>
		<Unit filename="fileio.c">
			<Option compilerVar="CC" />
		</Unit>
		<Unit filename="fileio.h" />
		<Unit filename="fseDist.c">
			<Option compilerVar="CC" />
		</Unit>
		<Unit filename="fseDist.h" />
		<Unit filename="logDiffCost.h" />
		<Unit filename="lz4hce.c">
			<Option compilerVar="CC" />
		</Unit>
		<Unit filename="lz4hce.h" />
		<Unit filename="renorm.c">
			<Option compilerVar="CC" />
		</Unit>
		<Unit filename="renorm.h" />
		<Unit filename="xxhash.c">
			<Option compilerVar="CC" />
		</Unit>
		<Unit filename="xxhash.h" />
		<Unit filename="zlibh.c">
			<Option compilerVar="CC" />
		</Unit>
		<Unit filename="zlibh.h" />
		<Extensions>
			<code_completion />
			<envvars />
			<debugger />
			<lib_finder disable_auto="1" />
		</Extensions>
	</Project>
</CodeBlocks_project_file>
